// !$*UTF8*$!
{
	archiveVersion = 1;
	classes = {
	};
	objectVersion = 50;
	objects = {

/* Begin PBXBuildFile section */
		6F30B60023358CBA00AC0F09 /* AppDelegate.swift in Sources */ = {isa = PBXBuildFile; fileRef = 6F30B5FF23358CBA00AC0F09 /* AppDelegate.swift */; };
		6F30B60523358CBA00AC0F09 /* Main.storyboard in Resources */ = {isa = PBXBuildFile; fileRef = 6F30B60323358CBA00AC0F09 /* Main.storyboard */; };
		6F30B60723358CBC00AC0F09 /* Assets.xcassets in Resources */ = {isa = PBXBuildFile; fileRef = 6F30B60623358CBC00AC0F09 /* Assets.xcassets */; };
		6F30B60A23358CBC00AC0F09 /* LaunchScreen.storyboard in Resources */ = {isa = PBXBuildFile; fileRef = 6F30B60823358CBC00AC0F09 /* LaunchScreen.storyboard */; };
		6F30B61523359C0D00AC0F09 /* PodCastController.swift in Sources */ = {isa = PBXBuildFile; fileRef = 6F30B61423359C0D00AC0F09 /* PodCastController.swift */; };
		6F30B6172335A0DD00AC0F09 /* Models.swift in Sources */ = {isa = PBXBuildFile; fileRef = 6F30B6162335A0DD00AC0F09 /* Models.swift */; };
		6F30B61A233606F900AC0F09 /* APIservices.swift in Sources */ = {isa = PBXBuildFile; fileRef = 6F30B619233606F900AC0F09 /* APIservices.swift */; };
		6F30B61D23360DA900AC0F09 /* UIviewExt.swift in Sources */ = {isa = PBXBuildFile; fileRef = 6F30B61C23360DA900AC0F09 /* UIviewExt.swift */; };
		6F30B61F23360DF200AC0F09 /* ProductCell.swift in Sources */ = {isa = PBXBuildFile; fileRef = 6F30B61E23360DF200AC0F09 /* ProductCell.swift */; };
		A325544E5183D0AE70AFAA0E /* Pods_Apple_itunes.framework in Frameworks */ = {isa = PBXBuildFile; fileRef = 3F6CD2C0F104A36A2626A5D5 /* Pods_Apple_itunes.framework */; };
/* End PBXBuildFile section */

/* Begin PBXFileReference section */
		249368F60561B8579DA88F6E /* Pods-Apple itunes.release.xcconfig */ = {isa = PBXFileReference; includeInIndex = 1; lastKnownFileType = text.xcconfig; name = "Pods-Apple itunes.release.xcconfig"; path = "Pods/Target Support Files/Pods-Apple itunes/Pods-Apple itunes.release.xcconfig"; sourceTree = "<group>"; };
		3F6CD2C0F104A36A2626A5D5 /* Pods_Apple_itunes.framework */ = {isa = PBXFileReference; explicitFileType = wrapper.framework; includeInIndex = 0; path = Pods_Apple_itunes.framework; sourceTree = BUILT_PRODUCTS_DIR; };
		52980F6DE29E3FD1C40796C0 /* Pods-Apple itunes.debug.xcconfig */ = {isa = PBXFileReference; includeInIndex = 1; lastKnownFileType = text.xcconfig; name = "Pods-Apple itunes.debug.xcconfig"; path = "Pods/Target Support Files/Pods-Apple itunes/Pods-Apple itunes.debug.xcconfig"; sourceTree = "<group>"; };
		6F30B5FC23358CBA00AC0F09 /* Apple itunes.app */ = {isa = PBXFileReference; explicitFileType = wrapper.application; includeInIndex = 0; path = "Apple itunes.app"; sourceTree = BUILT_PRODUCTS_DIR; };
		6F30B5FF23358CBA00AC0F09 /* AppDelegate.swift */ = {isa = PBXFileReference; lastKnownFileType = sourcecode.swift; path = AppDelegate.swift; sourceTree = "<group>"; };
		6F30B60423358CBA00AC0F09 /* Base */ = {isa = PBXFileReference; lastKnownFileType = file.storyboard; name = Base; path = Base.lproj/Main.storyboard; sourceTree = "<group>"; };
		6F30B60623358CBC00AC0F09 /* Assets.xcassets */ = {isa = PBXFileReference; lastKnownFileType = folder.assetcatalog; path = Assets.xcassets; sourceTree = "<group>"; };
		6F30B60923358CBC00AC0F09 /* Base */ = {isa = PBXFileReference; lastKnownFileType = file.storyboard; name = Base; path = Base.lproj/LaunchScreen.storyboard; sourceTree = "<group>"; };
		6F30B60B23358CBC00AC0F09 /* Info.plist */ = {isa = PBXFileReference; lastKnownFileType = text.plist.xml; path = Info.plist; sourceTree = "<group>"; };
		6F30B61423359C0D00AC0F09 /* PodCastController.swift */ = {isa = PBXFileReference; lastKnownFileType = sourcecode.swift; path = PodCastController.swift; sourceTree = "<group>"; };
		6F30B6162335A0DD00AC0F09 /* Models.swift */ = {isa = PBXFileReference; lastKnownFileType = sourcecode.swift; path = Models.swift; sourceTree = "<group>"; };
		6F30B619233606F900AC0F09 /* APIservices.swift */ = {isa = PBXFileReference; lastKnownFileType = sourcecode.swift; path = APIservices.swift; sourceTree = "<group>"; };
		6F30B61C23360DA900AC0F09 /* UIviewExt.swift */ = {isa = PBXFileReference; lastKnownFileType = sourcecode.swift; path = UIviewExt.swift; sourceTree = "<group>"; };
		6F30B61E23360DF200AC0F09 /* ProductCell.swift */ = {isa = PBXFileReference; lastKnownFileType = sourcecode.swift; path = ProductCell.swift; sourceTree = "<group>"; };
/* End PBXFileReference section */

/* Begin PBXFrameworksBuildPhase section */
		6F30B5F923358CBA00AC0F09 /* Frameworks */ = {
			isa = PBXFrameworksBuildPhase;
			buildActionMask = 2147483647;
			files = (
				A325544E5183D0AE70AFAA0E /* Pods_Apple_itunes.framework in Frameworks */,
			);
			runOnlyForDeploymentPostprocessing = 0;
		};
/* End PBXFrameworksBuildPhase section */

/* Begin PBXGroup section */
		3819A6AD188799F31CAC55FC /* Frameworks */ = {
			isa = PBXGroup;
			children = (
				3F6CD2C0F104A36A2626A5D5 /* Pods_Apple_itunes.framework */,
			);
			name = Frameworks;
			sourceTree = "<group>";
		};
		6F30B5F323358CBA00AC0F09 = {
			isa = PBXGroup;
			children = (
				6F30B5FE23358CBA00AC0F09 /* Apple itunes */,
				6F30B5FD23358CBA00AC0F09 /* Products */,
				743FE38A50C5BE8E5E2EBAD4 /* Pods */,
				3819A6AD188799F31CAC55FC /* Frameworks */,
			);
			sourceTree = "<group>";
		};
		6F30B5FD23358CBA00AC0F09 /* Products */ = {
			isa = PBXGroup;
			children = (
				6F30B5FC23358CBA00AC0F09 /* Apple itunes.app */,
			);
			name = Products;
			sourceTree = "<group>";
		};
		6F30B5FE23358CBA00AC0F09 /* Apple itunes */ = {
			isa = PBXGroup;
			children = (
				6F30B61B23360D7200AC0F09 /* Extensions */,
				6F30B618233606DF00AC0F09 /* ApI */,
				6F30B61123359B8100AC0F09 /* Model */,
				6F30B61223359B9C00AC0F09 /* View */,
				6F30B61323359BAB00AC0F09 /* Controller */,
				6F30B5FF23358CBA00AC0F09 /* AppDelegate.swift */,
				6F30B60323358CBA00AC0F09 /* Main.storyboard */,
				6F30B60623358CBC00AC0F09 /* Assets.xcassets */,
				6F30B60823358CBC00AC0F09 /* LaunchScreen.storyboard */,
				6F30B60B23358CBC00AC0F09 /* Info.plist */,
			);
			path = "Apple itunes";
			sourceTree = "<group>";
		};
		6F30B61123359B8100AC0F09 /* Model */ = {
			isa = PBXGroup;
			children = (
				6F30B6162335A0DD00AC0F09 /* Models.swift */,
			);
			path = Model;
			sourceTree = "<group>";
		};
		6F30B61223359B9C00AC0F09 /* View */ = {
			isa = PBXGroup;
			children = (
				6F30B61E23360DF200AC0F09 /* ProductCell.swift */,
			);
			path = View;
			sourceTree = "<group>";
		};
		6F30B61323359BAB00AC0F09 /* Controller */ = {
			isa = PBXGroup;
			children = (
				6F30B61423359C0D00AC0F09 /* PodCastController.swift */,
			);
			path = Controller;
			sourceTree = "<group>";
		};
		6F30B618233606DF00AC0F09 /* ApI */ = {
			isa = PBXGroup;
			children = (
				6F30B619233606F900AC0F09 /* APIservices.swift */,
			);
			path = ApI;
			sourceTree = "<group>";
		};
		6F30B61B23360D7200AC0F09 /* Extensions */ = {
			isa = PBXGroup;
			children = (
				6F30B61C23360DA900AC0F09 /* UIviewExt.swift */,
			);
			path = Extensions;
			sourceTree = "<group>";
		};
		743FE38A50C5BE8E5E2EBAD4 /* Pods */ = {
			isa = PBXGroup;
			children = (
				52980F6DE29E3FD1C40796C0 /* Pods-Apple itunes.debug.xcconfig */,
				249368F60561B8579DA88F6E /* Pods-Apple itunes.release.xcconfig */,
			);
			name = Pods;
			sourceTree = "<group>";
		};
/* End PBXGroup section */

/* Begin PBXNativeTarget section */
		6F30B5FB23358CBA00AC0F09 /* Apple itunes */ = {
			isa = PBXNativeTarget;
			buildConfigurationList = 6F30B60E23358CBC00AC0F09 /* Build configuration list for PBXNativeTarget "Apple itunes" */;
			buildPhases = (
				E1B53E49F482C35D788BBFB1 /* [CP] Check Pods Manifest.lock */,
				6F30B5F823358CBA00AC0F09 /* Sources */,
				6F30B5F923358CBA00AC0F09 /* Frameworks */,
				6F30B5FA23358CBA00AC0F09 /* Resources */,
				D5B9EA91807C058071465C10 /* [CP] Embed Pods Frameworks */,
			);
			buildRules = (
			);
			dependencies = (
			);
			name = "Apple itunes";
			productName = "Apple itunes";
			productReference = 6F30B5FC23358CBA00AC0F09 /* Apple itunes.app */;
			productType = "com.apple.product-type.application";
		};
/* End PBXNativeTarget section */

/* Begin PBXProject section */
		6F30B5F423358CBA00AC0F09 /* Project object */ = {
			isa = PBXProject;
			attributes = {
				LastSwiftUpdateCheck = 1020;
				LastUpgradeCheck = 1020;
				ORGANIZATIONNAME = "Al Wefaq";
				TargetAttributes = {
					6F30B5FB23358CBA00AC0F09 = {
						CreatedOnToolsVersion = 10.2;
					};
				};
			};
			buildConfigurationList = 6F30B5F723358CBA00AC0F09 /* Build configuration list for PBXProject "Apple itunes" */;
			compatibilityVersion = "Xcode 9.3";
			developmentRegion = en;
			hasScannedForEncodings = 0;
			knownRegions = (
				en,
				Base,
			);
			mainGroup = 6F30B5F323358CBA00AC0F09;
			productRefGroup = 6F30B5FD23358CBA00AC0F09 /* Products */;
			projectDirPath = "";
			projectRoot = "";
			targets = (
				6F30B5FB23358CBA00AC0F09 /* Apple itunes */,
			);
		};
/* End PBXProject section */

/* Begin PBXResourcesBuildPhase section */
		6F30B5FA23358CBA00AC0F09 /* Resources */ = {
			isa = PBXResourcesBuildPhase;
			buildActionMask = 2147483647;
			files = (
				6F30B60A23358CBC00AC0F09 /* LaunchScreen.storyboard in Resources */,
				6F30B60723358CBC00AC0F09 /* Assets.xcassets in Resources */,
				6F30B60523358CBA00AC0F09 /* Main.storyboard in Resources */,
			);
			runOnlyForDeploymentPostprocessing = 0;
		};
/* End PBXResourcesBuildPhase section */

/* Begin PBXShellScriptBuildPhase section */
		D5B9EA91807C058071465C10 /* [CP] Embed Pods Frameworks */ = {
			isa = PBXShellScriptBuildPhase;
			buildActionMask = 2147483647;
			files = (
			);
			inputPaths = (
				"${SRCROOT}/Pods/Target Support Files/Pods-Apple itunes/Pods-Apple itunes-frameworks.sh",
				"${BUILT_PRODUCTS_DIR}/Alamofire/Alamofire.framework",
				"${BUILT_PRODUCTS_DIR}/FeedKit/FeedKit.framework",
				"${BUILT_PRODUCTS_DIR}/SDWebImage/SDWebImage.framework",
			);
			name = "[CP] Embed Pods Frameworks";
			outputPaths = (
				"${TARGET_BUILD_DIR}/${FRAMEWORKS_FOLDER_PATH}/Alamofire.framework",
				"${TARGET_BUILD_DIR}/${FRAMEWORKS_FOLDER_PATH}/FeedKit.framework",
				"${TARGET_BUILD_DIR}/${FRAMEWORKS_FOLDER_PATH}/SDWebImage.framework",
			);
			runOnlyForDeploymentPostprocessing = 0;
			shellPath = /bin/sh;
			shellScript = "\"${SRCROOT}/Pods/Target Support Files/Pods-Apple itunes/Pods-Apple itunes-frameworks.sh\"\n";
			showEnvVarsInLog = 0;
		};
		E1B53E49F482C35D788BBFB1 /* [CP] Check Pods Manifest.lock */ = {
			isa = PBXShellScriptBuildPhase;
			buildActionMask = 2147483647;
			files = (
			);
			inputPaths = (
				"${PODS_PODFILE_DIR_PATH}/Podfile.lock",
				"${PODS_ROOT}/Manifest.lock",
			);
			name = "[CP] Check Pods Manifest.lock";
			outputPaths = (
				"$(DERIVED_FILE_DIR)/Pods-Apple itunes-checkManifestLockResult.txt",
			);
			runOnlyForDeploymentPostprocessing = 0;
			shellPath = /bin/sh;
			shellScript = "diff \"${PODS_PODFILE_DIR_PATH}/Podfile.lock\" \"${PODS_ROOT}/Manifest.lock\" > /dev/null\nif [ $? != 0 ] ; then\n    # print error to STDERR\n    echo \"error: The sandbox is not in sync with the Podfile.lock. Run 'pod install' or update your CocoaPods installation.\" >&2\n    exit 1\nfi\n# This output is used by Xcode 'outputs' to avoid re-running this script phase.\necho \"SUCCESS\" > \"${SCRIPT_OUTPUT_FILE_0}\"\n";
			showEnvVarsInLog = 0;
		};
/* End PBXShellScriptBuildPhase section */

/* Begin PBXSourcesBuildPhase section */
		6F30B5F823358CBA00AC0F09 /* Sources */ = {
			isa = PBXSourcesBuildPhase;
			buildActionMask = 2147483647;
			files = (
				6F30B61523359C0D00AC0F09 /* PodCastController.swift in Sources */,
				6F30B6172335A0DD00AC0F09 /* Models.swift in Sources */,
				6F30B61A233606F900AC0F09 /* APIservices.swift in Sources */,
				6F30B61F23360DF200AC0F09 /* ProductCell.swift in Sources */,
				6F30B61D23360DA900AC0F09 /* UIviewExt.swift in Sources */,
				6F30B60023358CBA00AC0F09 /* AppDelegate.swift in Sources */,
			);
			runOnlyForDeploymentPostprocessing = 0;
		};
/* End PBXSourcesBuildPhase section */

/* Begin PBXVariantGroup section */
		6F30B60323358CBA00AC0F09 /* Main.storyboard */ = {
			isa = PBXVariantGroup;
			children = (
				6F30B60423358CBA00AC0F09 /* Base */,
			);
			name = Main.storyboard;
			sourceTree = "<group>";
		};
		6F30B60823358CBC00AC0F09 /* LaunchScreen.storyboard */ = {
			isa = PBXVariantGroup;
			children = (
				6F30B60923358CBC00AC0F09 /* Base */,
			);
			name = LaunchScreen.storyboard;
			sourceTree = "<group>";
		};
/* End PBXVariantGroup section */

/* Begin XCBuildConfiguration section */
		6F30B60C23358CBC00AC0F09 /* Debug */ = {
			isa = XCBuildConfiguration;
			buildSettings = {
				ALWAYS_SEARCH_USER_PATHS = NO;
				CLANG_ANALYZER_NONNULL = YES;
				CLANG_ANALYZER_NUMBER_OBJECT_CONVERSION = YES_AGGRESSIVE;
				CLANG_CXX_LANGUAGE_STANDARD = "gnu++14";
				CLANG_CXX_LIBRARY = "libc++";
				CLANG_ENABLE_MODULES = YES;
				CLANG_ENABLE_OBJC_ARC = YES;
				CLANG_ENABLE_OBJC_WEAK = YES;
				CLANG_WARN_BLOCK_CAPTURE_AUTORELEASING = YES;
				CLANG_WARN_BOOL_CONVERSION = YES;
				CLANG_WARN_COMMA = YES;
				CLANG_WARN_CONSTANT_CONVERSION = YES;
				CLANG_WARN_DEPRECATED_OBJC_IMPLEMENTATIONS = YES;
				CLANG_WARN_DIRECT_OBJC_ISA_USAGE = YES_ERROR;
				CLANG_WARN_DOCUMENTATION_COMMENTS = YES;
				CLANG_WARN_EMPTY_BODY = YES;
				CLANG_WARN_ENUM_CONVERSION = YES;
				CLANG_WARN_INFINITE_RECURSION = YES;
				CLANG_WARN_INT_CONVERSION = YES;
				CLANG_WARN_NON_LITERAL_NULL_CONVERSION = YES;
				CLANG_WARN_OBJC_IMPLICIT_RETAIN_SELF = YES;
				CLANG_WARN_OBJC_LITERAL_CONVERSION = YES;
				CLANG_WARN_OBJC_ROOT_CLASS = YES_ERROR;
				CLANG_WARN_RANGE_LOOP_ANALYSIS = YES;
				CLANG_WARN_STRICT_PROTOTYPES = YES;
				CLANG_WARN_SUSPICIOUS_MOVE = YES;
				CLANG_WARN_UNGUARDED_AVAILABILITY = YES_AGGRESSIVE;
				CLANG_WARN_UNREACHABLE_CODE = YES;
				CLANG_WARN__DUPLICATE_METHOD_MATCH = YES;
				CODE_SIGN_IDENTITY = "iPhone Developer";
				COPY_PHASE_STRIP = NO;
				DEBUG_INFORMATION_FORMAT = dwarf;
				ENABLE_STRICT_OBJC_MSGSEND = YES;
				ENABLE_TESTABILITY = YES;
				GCC_C_LANGUAGE_STANDARD = gnu11;
				GCC_DYNAMIC_NO_PIC = NO;
				GCC_NO_COMMON_BLOCKS = YES;
				GCC_OPTIMIZATION_LEVEL = 0;
				GCC_PREPROCESSOR_DEFINITIONS = (
					"DEBUG=1",
					"$(inherited)",
				);
				GCC_WARN_64_TO_32_BIT_CONVERSION = YES;
				GCC_WARN_ABOUT_RETURN_TYPE = YES_ERROR;
				GCC_WARN_UNDECLARED_SELECTOR = YES;
				GCC_WARN_UNINITIALIZED_AUTOS = YES_AGGRESSIVE;
				GCC_WARN_UNUSED_FUNCTION = YES;
				GCC_WARN_UNUSED_VARIABLE = YES;
				IPHONEOS_DEPLOYMENT_TARGET = 12.2;
				MTL_ENABLE_DEBUG_INFO = INCLUDE_SOURCE;
				MTL_FAST_MATH = YES;
				ONLY_ACTIVE_ARCH = YES;
				SDKROOT = iphoneos;
				SWIFT_ACTIVE_COMPILATION_CONDITIONS = DEBUG;
				SWIFT_OPTIMIZATION_LEVEL = "-Onone";
			};
			name = Debug;
		};
		6F30B60D23358CBC00AC0F09 /* Release */ = {
			isa = XCBuildConfiguration;
			buildSettings = {
				ALWAYS_SEARCH_USER_PATHS = NO;
				CLANG_ANALYZER_NONNULL = YES;
				CLANG_ANALYZER_NUMBER_OBJECT_CONVERSION = YES_AGGRESSIVE;
				CLANG_CXX_LANGUAGE_STANDARD = "gnu++14";
				CLANG_CXX_LIBRARY = "libc++";
				CLANG_ENABLE_MODULES = YES;
				CLANG_ENABLE_OBJC_ARC = YES;
				CLANG_ENABLE_OBJC_WEAK = YES;
				CLANG_WARN_BLOCK_CAPTURE_AUTORELEASING = YES;
				CLANG_WARN_BOOL_CONVERSION = YES;
				CLANG_WARN_COMMA = YES;
				CLANG_WARN_CONSTANT_CONVERSION = YES;
				CLANG_WARN_DEPRECATED_OBJC_IMPLEMENTATIONS = YES;
				CLANG_WARN_DIRECT_OBJC_ISA_USAGE = YES_ERROR;
				CLANG_WARN_DOCUMENTATION_COMMENTS = YES;
				CLANG_WARN_EMPTY_BODY = YES;
				CLANG_WARN_ENUM_CONVERSION = YES;
				CLANG_WARN_INFINITE_RECURSION = YES;
				CLANG_WARN_INT_CONVERSION = YES;
				CLANG_WARN_NON_LITERAL_NULL_CONVERSION = YES;
				CLANG_WARN_OBJC_IMPLICIT_RETAIN_SELF = YES;
				CLANG_WARN_OBJC_LITERAL_CONVERSION = YES;
				CLANG_WARN_OBJC_ROOT_CLASS = YES_ERROR;
				CLANG_WARN_RANGE_LOOP_ANALYSIS = YES;
				CLANG_WARN_STRICT_PROTOTYPES = YES;
				CLANG_WARN_SUSPICIOUS_MOVE = YES;
				CLANG_WARN_UNGUARDED_AVAILABILITY = YES_AGGRESSIVE;
				CLANG_WARN_UNREACHABLE_CODE = YES;
				CLANG_WARN__DUPLICATE_METHOD_MATCH = YES;
				CODE_SIGN_IDENTITY = "iPhone Developer";
				COPY_PHASE_STRIP = NO;
				DEBUG_INFORMATION_FORMAT = "dwarf-with-dsym";
				ENABLE_NS_ASSERTIONS = NO;
				ENABLE_STRICT_OBJC_MSGSEND = YES;
				GCC_C_LANGUAGE_STANDARD = gnu11;
				GCC_NO_COMMON_BLOCKS = YES;
				GCC_WARN_64_TO_32_BIT_CONVERSION = YES;
				GCC_WARN_ABOUT_RETURN_TYPE = YES_ERROR;
				GCC_WARN_UNDECLARED_SELECTOR = YES;
				GCC_WARN_UNINITIALIZED_AUTOS = YES_AGGRESSIVE;
				GCC_WARN_UNUSED_FUNCTION = YES;
				GCC_WARN_UNUSED_VARIABLE = YES;
				IPHONEOS_DEPLOYMENT_TARGET = 12.2;
				MTL_ENABLE_DEBUG_INFO = NO;
				MTL_FAST_MATH = YES;
				SDKROOT = iphoneos;
				SWIFT_COMPILATION_MODE = wholemodule;
				SWIFT_OPTIMIZATION_LEVEL = "-O";
				VALIDATE_PRODUCT = YES;
			};
			name = Release;
		};
		6F30B60F23358CBC00AC0F09 /* Debug */ = {
			isa = XCBuildConfiguration;
			baseConfigurationReference = 52980F6DE29E3FD1C40796C0 /* Pods-Apple itunes.debug.xcconfig */;
			buildSettings = {
				ASSETCATALOG_COMPILER_APPICON_NAME = AppIcon;
				CODE_SIGN_STYLE = Automatic;
				DEVELOPMENT_TEAM = E6E3WQXX35;
				INFOPLIST_FILE = "Apple itunes/Info.plist";
				LD_RUNPATH_SEARCH_PATHS = (
					"$(inherited)",
					"@executable_path/Frameworks",
				);
				PRODUCT_BUNDLE_IDENTIFIER = "com.elwfaq.Apple-itunes";
				PRODUCT_NAME = "$(TARGET_NAME)";
				SWIFT_VERSION = 5.0;
				TARGETED_DEVICE_FAMILY = "1,2";
			};
			name = Debug;
		};
		6F30B61023358CBC00AC0F09 /* Release */ = {
			isa = XCBuildConfiguration;
			baseConfigurationReference = 249368F60561B8579DA88F6E /* Pods-Apple itunes.release.xcconfig */;
			buildSettings = {
				ASSETCATALOG_COMPILER_APPICON_NAME = AppIcon;
				CODE_SIGN_STYLE = Automatic;
				DEVELOPMENT_TEAM = E6E3WQXX35;
				INFOPLIST_FILE = "Apple itunes/Info.plist";
				LD_RUNPATH_SEARCH_PATHS = (
					"$(inherited)",
					"@executable_path/Frameworks",
				);
				PRODUCT_BUNDLE_IDENTIFIER = "com.elwfaq.Apple-itunes";
				PRODUCT_NAME = "$(TARGET_NAME)";
				SWIFT_VERSION = 5.0;
				TARGETED_DEVICE_FAMILY = "1,2";
			};
			name = Release;
		};
/* End XCBuildConfiguration section */

/* Begin XCConfigurationList section */
		6F30B5F723358CBA00AC0F09 /* Build configuration list for PBXProject "Apple itunes" */ = {
			isa = XCConfigurationList;
			buildConfigurations = (
				6F30B60C23358CBC00AC0F09 /* Debug */,
				6F30B60D23358CBC00AC0F09 /* Release */,
			);
			defaultConfigurationIsVisible = 0;
			defaultConfigurationName = Release;
		};
		6F30B60E23358CBC00AC0F09 /* Build configuration list for PBXNativeTarget "Apple itunes" */ = {
			isa = XCConfigurationList;
			buildConfigurations = (
				6F30B60F23358CBC00AC0F09 /* Debug */,
				6F30B61023358CBC00AC0F09 /* Release */,
			);
			defaultConfigurationIsVisible = 0;
			defaultConfigurationName = Release;
		};
/* End XCConfigurationList section */
	};
	rootObject = 6F30B5F423358CBA00AC0F09 /* Project object */;
}
